// !$*UTF8*$!
{
	archiveVersion = 1;
	classes = {
	};
	objectVersion = 56;
	objects = {

/* Begin PBXBuildFile section */
		23B663BE5937765B8F326CC1 /* Pods_ML_Derkach_Sydorova.framework in Frameworks */ = {isa = PBXBuildFile; fileRef = 3E332D6BC8AED3AF25F2EBBF /* Pods_ML_Derkach_Sydorova.framework */; };
		79A1BF94C412623A18C0781A /* Pods_ML_Derkach_SydorovaTests.framework in Frameworks */ = {isa = PBXBuildFile; fileRef = CA39EC4BD514E90AA661E1CA /* Pods_ML_Derkach_SydorovaTests.framework */; };
		B5E7DA202A43A42A004E57B1 /* AppDelegate.swift in Sources */ = {isa = PBXBuildFile; fileRef = B5E7DA1F2A43A42A004E57B1 /* AppDelegate.swift */; };
		B5E7DA222A43A42A004E57B1 /* SceneDelegate.swift in Sources */ = {isa = PBXBuildFile; fileRef = B5E7DA212A43A42A004E57B1 /* SceneDelegate.swift */; };
		B5E7DA242A43A42A004E57B1 /* ViewController.swift in Sources */ = {isa = PBXBuildFile; fileRef = B5E7DA232A43A42A004E57B1 /* ViewController.swift */; };
		B5E7DA272A43A42A004E57B1 /* Main.storyboard in Resources */ = {isa = PBXBuildFile; fileRef = B5E7DA252A43A42A004E57B1 /* Main.storyboard */; };
		B5E7DA292A43A42B004E57B1 /* Assets.xcassets in Resources */ = {isa = PBXBuildFile; fileRef = B5E7DA282A43A42B004E57B1 /* Assets.xcassets */; };
		B5E7DA2C2A43A42B004E57B1 /* LaunchScreen.storyboard in Resources */ = {isa = PBXBuildFile; fileRef = B5E7DA2A2A43A42B004E57B1 /* LaunchScreen.storyboard */; };
		B5E7DA372A43A42B004E57B1 /* ML_Derkach_SydorovaTests.swift in Sources */ = {isa = PBXBuildFile; fileRef = B5E7DA362A43A42B004E57B1 /* ML_Derkach_SydorovaTests.swift */; };
		B5E7DA412A43A42B004E57B1 /* ML_Derkach_SydorovaUITests.swift in Sources */ = {isa = PBXBuildFile; fileRef = B5E7DA402A43A42B004E57B1 /* ML_Derkach_SydorovaUITests.swift */; };
		B5E7DA432A43A42B004E57B1 /* ML_Derkach_SydorovaUITestsLaunchTests.swift in Sources */ = {isa = PBXBuildFile; fileRef = B5E7DA422A43A42B004E57B1 /* ML_Derkach_SydorovaUITestsLaunchTests.swift */; };
		B5FAC77FD5C61E61FCE5B723 /* Pods_ML_Derkach_Sydorova_ML_Derkach_SydorovaUITests.framework in Frameworks */ = {isa = PBXBuildFile; fileRef = BD1AA076670C45481EB58DD0 /* Pods_ML_Derkach_Sydorova_ML_Derkach_SydorovaUITests.framework */; };
		C906F9522A48895D00B6C42B /* MLKitHelper.swift in Sources */ = {isa = PBXBuildFile; fileRef = C906F9512A48895D00B6C42B /* MLKitHelper.swift */; };
		C95849CB2A4A2B56000CFB03 /* ViewControllerSub.swift in Sources */ = {isa = PBXBuildFile; fileRef = C95849CA2A4A2B56000CFB03 /* ViewControllerSub.swift */; };
		C95849CF2A4AD655000CFB03 /* MessageHelper.swift in Sources */ = {isa = PBXBuildFile; fileRef = C95849CE2A4AD655000CFB03 /* MessageHelper.swift */; };
		C9602F5D2A4648FE008F84FE /* GoogleService-Info.plist in Resources */ = {isa = PBXBuildFile; fileRef = C9602F5C2A4648FE008F84FE /* GoogleService-Info.plist */; };
		C9767B2C2A4A13D0009BA92D /* model.tflite in Resources */ = {isa = PBXBuildFile; fileRef = C9767B2B2A4A13D0009BA92D /* model.tflite */; };
/* End PBXBuildFile section */

/* Begin PBXContainerItemProxy section */
		B5E7DA332A43A42B004E57B1 /* PBXContainerItemProxy */ = {
			isa = PBXContainerItemProxy;
			containerPortal = B5E7DA142A43A42A004E57B1 /* Project object */;
			proxyType = 1;
			remoteGlobalIDString = B5E7DA1B2A43A42A004E57B1;
			remoteInfo = "ML-Derkach-Sydorova";
		};
		B5E7DA3D2A43A42B004E57B1 /* PBXContainerItemProxy */ = {
			isa = PBXContainerItemProxy;
			containerPortal = B5E7DA142A43A42A004E57B1 /* Project object */;
			proxyType = 1;
			remoteGlobalIDString = B5E7DA1B2A43A42A004E57B1;
			remoteInfo = "ML-Derkach-Sydorova";
		};
/* End PBXContainerItemProxy section */

/* Begin PBXCopyFilesBuildPhase section */
		B566A42D2A48D94100291231 /* Embed Frameworks */ = {
			isa = PBXCopyFilesBuildPhase;
			buildActionMask = 2147483647;
			dstPath = "";
			dstSubfolderSpec = 10;
			files = (
			);
			name = "Embed Frameworks";
			runOnlyForDeploymentPostprocessing = 0;
		};
/* End PBXCopyFilesBuildPhase section */

/* Begin PBXFileReference section */
		12574C3E4B47A1525789C274 /* Pods-ML-Derkach-Sydorova-ML-Derkach-SydorovaUITests.release.xcconfig */ = {isa = PBXFileReference; includeInIndex = 1; lastKnownFileType = text.xcconfig; name = "Pods-ML-Derkach-Sydorova-ML-Derkach-SydorovaUITests.release.xcconfig"; path = "Target Support Files/Pods-ML-Derkach-Sydorova-ML-Derkach-SydorovaUITests/Pods-ML-Derkach-Sydorova-ML-Derkach-SydorovaUITests.release.xcconfig"; sourceTree = "<group>"; };
		2502ED5D6F0633EC1AF51433 /* Pods-ML-Derkach-Sydorova.release.xcconfig */ = {isa = PBXFileReference; includeInIndex = 1; lastKnownFileType = text.xcconfig; name = "Pods-ML-Derkach-Sydorova.release.xcconfig"; path = "Target Support Files/Pods-ML-Derkach-Sydorova/Pods-ML-Derkach-Sydorova.release.xcconfig"; sourceTree = "<group>"; };
		2517233DA295ACC7B2E2DC36 /* Pods-ML-Derkach-SydorovaTests.debug.xcconfig */ = {isa = PBXFileReference; includeInIndex = 1; lastKnownFileType = text.xcconfig; name = "Pods-ML-Derkach-SydorovaTests.debug.xcconfig"; path = "Target Support Files/Pods-ML-Derkach-SydorovaTests/Pods-ML-Derkach-SydorovaTests.debug.xcconfig"; sourceTree = "<group>"; };
		3E332D6BC8AED3AF25F2EBBF /* Pods_ML_Derkach_Sydorova.framework */ = {isa = PBXFileReference; explicitFileType = wrapper.framework; includeInIndex = 0; path = Pods_ML_Derkach_Sydorova.framework; sourceTree = BUILT_PRODUCTS_DIR; };
		44B57816032E5E1BB2EA1E65 /* Pods-ML-Derkach-Sydorova.debug.xcconfig */ = {isa = PBXFileReference; includeInIndex = 1; lastKnownFileType = text.xcconfig; name = "Pods-ML-Derkach-Sydorova.debug.xcconfig"; path = "Target Support Files/Pods-ML-Derkach-Sydorova/Pods-ML-Derkach-Sydorova.debug.xcconfig"; sourceTree = "<group>"; };
		96B964B3384AD64C3C37FCF6 /* Pods-ML-Derkach-SydorovaTests.release.xcconfig */ = {isa = PBXFileReference; includeInIndex = 1; lastKnownFileType = text.xcconfig; name = "Pods-ML-Derkach-SydorovaTests.release.xcconfig"; path = "Target Support Files/Pods-ML-Derkach-SydorovaTests/Pods-ML-Derkach-SydorovaTests.release.xcconfig"; sourceTree = "<group>"; };
		B5E7DA1C2A43A42A004E57B1 /* ML-Derkach-Sydorova.app */ = {isa = PBXFileReference; explicitFileType = wrapper.application; includeInIndex = 0; path = "ML-Derkach-Sydorova.app"; sourceTree = BUILT_PRODUCTS_DIR; };
		B5E7DA1F2A43A42A004E57B1 /* AppDelegate.swift */ = {isa = PBXFileReference; lastKnownFileType = sourcecode.swift; path = AppDelegate.swift; sourceTree = "<group>"; };
		B5E7DA212A43A42A004E57B1 /* SceneDelegate.swift */ = {isa = PBXFileReference; lastKnownFileType = sourcecode.swift; path = SceneDelegate.swift; sourceTree = "<group>"; };
		B5E7DA232A43A42A004E57B1 /* ViewController.swift */ = {isa = PBXFileReference; lastKnownFileType = sourcecode.swift; path = ViewController.swift; sourceTree = "<group>"; };
		B5E7DA262A43A42A004E57B1 /* Base */ = {isa = PBXFileReference; lastKnownFileType = file.storyboard; name = Base; path = Base.lproj/Main.storyboard; sourceTree = "<group>"; };
		B5E7DA282A43A42B004E57B1 /* Assets.xcassets */ = {isa = PBXFileReference; lastKnownFileType = folder.assetcatalog; path = Assets.xcassets; sourceTree = "<group>"; };
		B5E7DA2B2A43A42B004E57B1 /* Base */ = {isa = PBXFileReference; lastKnownFileType = file.storyboard; name = Base; path = Base.lproj/LaunchScreen.storyboard; sourceTree = "<group>"; };
		B5E7DA2D2A43A42B004E57B1 /* Info.plist */ = {isa = PBXFileReference; lastKnownFileType = text.plist.xml; path = Info.plist; sourceTree = "<group>"; };
		B5E7DA322A43A42B004E57B1 /* ML-Derkach-SydorovaTests.xctest */ = {isa = PBXFileReference; explicitFileType = wrapper.cfbundle; includeInIndex = 0; path = "ML-Derkach-SydorovaTests.xctest"; sourceTree = BUILT_PRODUCTS_DIR; };
		B5E7DA362A43A42B004E57B1 /* ML_Derkach_SydorovaTests.swift */ = {isa = PBXFileReference; lastKnownFileType = sourcecode.swift; path = ML_Derkach_SydorovaTests.swift; sourceTree = "<group>"; };
		B5E7DA3C2A43A42B004E57B1 /* ML-Derkach-SydorovaUITests.xctest */ = {isa = PBXFileReference; explicitFileType = wrapper.cfbundle; includeInIndex = 0; path = "ML-Derkach-SydorovaUITests.xctest"; sourceTree = BUILT_PRODUCTS_DIR; };
		B5E7DA402A43A42B004E57B1 /* ML_Derkach_SydorovaUITests.swift */ = {isa = PBXFileReference; lastKnownFileType = sourcecode.swift; path = ML_Derkach_SydorovaUITests.swift; sourceTree = "<group>"; };
		B5E7DA422A43A42B004E57B1 /* ML_Derkach_SydorovaUITestsLaunchTests.swift */ = {isa = PBXFileReference; lastKnownFileType = sourcecode.swift; path = ML_Derkach_SydorovaUITestsLaunchTests.swift; sourceTree = "<group>"; };
		BD1AA076670C45481EB58DD0 /* Pods_ML_Derkach_Sydorova_ML_Derkach_SydorovaUITests.framework */ = {isa = PBXFileReference; explicitFileType = wrapper.framework; includeInIndex = 0; path = Pods_ML_Derkach_Sydorova_ML_Derkach_SydorovaUITests.framework; sourceTree = BUILT_PRODUCTS_DIR; };
		C906F9512A48895D00B6C42B /* MLKitHelper.swift */ = {isa = PBXFileReference; lastKnownFileType = sourcecode.swift; path = MLKitHelper.swift; sourceTree = "<group>"; };
		C95849CA2A4A2B56000CFB03 /* ViewControllerSub.swift */ = {isa = PBXFileReference; lastKnownFileType = sourcecode.swift; path = ViewControllerSub.swift; sourceTree = "<group>"; };
		C95849CE2A4AD655000CFB03 /* MessageHelper.swift */ = {isa = PBXFileReference; lastKnownFileType = sourcecode.swift; path = MessageHelper.swift; sourceTree = "<group>"; };
		C9602F5C2A4648FE008F84FE /* GoogleService-Info.plist */ = {isa = PBXFileReference; fileEncoding = 4; lastKnownFileType = text.plist.xml; path = "GoogleService-Info.plist"; sourceTree = "<group>"; };
		C9767B2B2A4A13D0009BA92D /* model.tflite */ = {isa = PBXFileReference; lastKnownFileType = file; path = model.tflite; sourceTree = "<group>"; };
		CA39EC4BD514E90AA661E1CA /* Pods_ML_Derkach_SydorovaTests.framework */ = {isa = PBXFileReference; explicitFileType = wrapper.framework; includeInIndex = 0; path = Pods_ML_Derkach_SydorovaTests.framework; sourceTree = BUILT_PRODUCTS_DIR; };
		D235B5C4F8EBE87C9DBCC118 /* Pods-ML-Derkach-Sydorova-ML-Derkach-SydorovaUITests.debug.xcconfig */ = {isa = PBXFileReference; includeInIndex = 1; lastKnownFileType = text.xcconfig; name = "Pods-ML-Derkach-Sydorova-ML-Derkach-SydorovaUITests.debug.xcconfig"; path = "Target Support Files/Pods-ML-Derkach-Sydorova-ML-Derkach-SydorovaUITests/Pods-ML-Derkach-Sydorova-ML-Derkach-SydorovaUITests.debug.xcconfig"; sourceTree = "<group>"; };
/* End PBXFileReference section */

/* Begin PBXFrameworksBuildPhase section */
		B5E7DA192A43A42A004E57B1 /* Frameworks */ = {
			isa = PBXFrameworksBuildPhase;
			buildActionMask = 2147483647;
			files = (
				23B663BE5937765B8F326CC1 /* Pods_ML_Derkach_Sydorova.framework in Frameworks */,
			);
			runOnlyForDeploymentPostprocessing = 0;
		};
		B5E7DA2F2A43A42B004E57B1 /* Frameworks */ = {
			isa = PBXFrameworksBuildPhase;
			buildActionMask = 2147483647;
			files = (
				79A1BF94C412623A18C0781A /* Pods_ML_Derkach_SydorovaTests.framework in Frameworks */,
			);
			runOnlyForDeploymentPostprocessing = 0;
		};
		B5E7DA392A43A42B004E57B1 /* Frameworks */ = {
			isa = PBXFrameworksBuildPhase;
			buildActionMask = 2147483647;
			files = (
				B5FAC77FD5C61E61FCE5B723 /* Pods_ML_Derkach_Sydorova_ML_Derkach_SydorovaUITests.framework in Frameworks */,
			);
			runOnlyForDeploymentPostprocessing = 0;
		};
/* End PBXFrameworksBuildPhase section */

/* Begin PBXGroup section */
		10D266E208862B9C8E8876B6 /* Pods */ = {
			isa = PBXGroup;
			children = (
				44B57816032E5E1BB2EA1E65 /* Pods-ML-Derkach-Sydorova.debug.xcconfig */,
				2502ED5D6F0633EC1AF51433 /* Pods-ML-Derkach-Sydorova.release.xcconfig */,
				D235B5C4F8EBE87C9DBCC118 /* Pods-ML-Derkach-Sydorova-ML-Derkach-SydorovaUITests.debug.xcconfig */,
				12574C3E4B47A1525789C274 /* Pods-ML-Derkach-Sydorova-ML-Derkach-SydorovaUITests.release.xcconfig */,
				2517233DA295ACC7B2E2DC36 /* Pods-ML-Derkach-SydorovaTests.debug.xcconfig */,
				96B964B3384AD64C3C37FCF6 /* Pods-ML-Derkach-SydorovaTests.release.xcconfig */,
			);
			path = Pods;
			sourceTree = "<group>";
		};
		879C0BCDA6EBA7F4B62E5FE6 /* Frameworks */ = {
			isa = PBXGroup;
			children = (
				3E332D6BC8AED3AF25F2EBBF /* Pods_ML_Derkach_Sydorova.framework */,
				BD1AA076670C45481EB58DD0 /* Pods_ML_Derkach_Sydorova_ML_Derkach_SydorovaUITests.framework */,
				CA39EC4BD514E90AA661E1CA /* Pods_ML_Derkach_SydorovaTests.framework */,
			);
			name = Frameworks;
			sourceTree = "<group>";
		};
		B5E7DA132A43A42A004E57B1 = {
			isa = PBXGroup;
			children = (
				B5E7DA1E2A43A42A004E57B1 /* ML-Derkach-Sydorova */,
				B5E7DA352A43A42B004E57B1 /* ML-Derkach-SydorovaTests */,
				B5E7DA3F2A43A42B004E57B1 /* ML-Derkach-SydorovaUITests */,
				B5E7DA1D2A43A42A004E57B1 /* Products */,
				10D266E208862B9C8E8876B6 /* Pods */,
				879C0BCDA6EBA7F4B62E5FE6 /* Frameworks */,
			);
			sourceTree = "<group>";
		};
		B5E7DA1D2A43A42A004E57B1 /* Products */ = {
			isa = PBXGroup;
			children = (
				B5E7DA1C2A43A42A004E57B1 /* ML-Derkach-Sydorova.app */,
				B5E7DA322A43A42B004E57B1 /* ML-Derkach-SydorovaTests.xctest */,
				B5E7DA3C2A43A42B004E57B1 /* ML-Derkach-SydorovaUITests.xctest */,
			);
			name = Products;
			sourceTree = "<group>";
		};
		B5E7DA1E2A43A42A004E57B1 /* ML-Derkach-Sydorova */ = {
			isa = PBXGroup;
			children = (
				C9767B2B2A4A13D0009BA92D /* model.tflite */,
				B5E7DA1F2A43A42A004E57B1 /* AppDelegate.swift */,
				B5E7DA212A43A42A004E57B1 /* SceneDelegate.swift */,
				B5E7DA232A43A42A004E57B1 /* ViewController.swift */,
				B5E7DA252A43A42A004E57B1 /* Main.storyboard */,
				B5E7DA282A43A42B004E57B1 /* Assets.xcassets */,
				B5E7DA2A2A43A42B004E57B1 /* LaunchScreen.storyboard */,
				C9602F5C2A4648FE008F84FE /* GoogleService-Info.plist */,
				B5E7DA2D2A43A42B004E57B1 /* Info.plist */,
				C906F9512A48895D00B6C42B /* MLKitHelper.swift */,
				C95849CA2A4A2B56000CFB03 /* ViewControllerSub.swift */,
				C95849CE2A4AD655000CFB03 /* MessageHelper.swift */,
			);
			path = "ML-Derkach-Sydorova";
			sourceTree = "<group>";
		};
		B5E7DA352A43A42B004E57B1 /* ML-Derkach-SydorovaTests */ = {
			isa = PBXGroup;
			children = (
				B5E7DA362A43A42B004E57B1 /* ML_Derkach_SydorovaTests.swift */,
			);
			path = "ML-Derkach-SydorovaTests";
			sourceTree = "<group>";
		};
		B5E7DA3F2A43A42B004E57B1 /* ML-Derkach-SydorovaUITests */ = {
			isa = PBXGroup;
			children = (
				B5E7DA402A43A42B004E57B1 /* ML_Derkach_SydorovaUITests.swift */,
				B5E7DA422A43A42B004E57B1 /* ML_Derkach_SydorovaUITestsLaunchTests.swift */,
			);
			path = "ML-Derkach-SydorovaUITests";
			sourceTree = "<group>";
		};
/* End PBXGroup section */

/* Begin PBXNativeTarget section */
		B5E7DA1B2A43A42A004E57B1 /* ML-Derkach-Sydorova */ = {
			isa = PBXNativeTarget;
			buildConfigurationList = B5E7DA462A43A42B004E57B1 /* Build configuration list for PBXNativeTarget "ML-Derkach-Sydorova" */;
			buildPhases = (
				1E0838ECAF7C2C31FFBA640A /* [CP] Check Pods Manifest.lock */,
				B5E7DA182A43A42A004E57B1 /* Sources */,
				B5E7DA192A43A42A004E57B1 /* Frameworks */,
				B5E7DA1A2A43A42A004E57B1 /* Resources */,
				B566A42D2A48D94100291231 /* Embed Frameworks */,
				3833C35B6192122D498CD175 /* [CP] Embed Pods Frameworks */,
				46BB5B5F7F51B4564D6574FF /* [CP] Copy Pods Resources */,
			);
			buildRules = (
			);
			dependencies = (
			);
			name = "ML-Derkach-Sydorova";
			productName = "ML-Derkach-Sydorova";
			productReference = B5E7DA1C2A43A42A004E57B1 /* ML-Derkach-Sydorova.app */;
			productType = "com.apple.product-type.application";
		};
		B5E7DA312A43A42B004E57B1 /* ML-Derkach-SydorovaTests */ = {
			isa = PBXNativeTarget;
			buildConfigurationList = B5E7DA492A43A42B004E57B1 /* Build configuration list for PBXNativeTarget "ML-Derkach-SydorovaTests" */;
			buildPhases = (
				730598F0A47AD7485DF097B2 /* [CP] Check Pods Manifest.lock */,
				B5E7DA2E2A43A42B004E57B1 /* Sources */,
				B5E7DA2F2A43A42B004E57B1 /* Frameworks */,
				B5E7DA302A43A42B004E57B1 /* Resources */,
			);
			buildRules = (
			);
			dependencies = (
				B5E7DA342A43A42B004E57B1 /* PBXTargetDependency */,
			);
			name = "ML-Derkach-SydorovaTests";
			productName = "ML-Derkach-SydorovaTests";
			productReference = B5E7DA322A43A42B004E57B1 /* ML-Derkach-SydorovaTests.xctest */;
			productType = "com.apple.product-type.bundle.unit-test";
		};
		B5E7DA3B2A43A42B004E57B1 /* ML-Derkach-SydorovaUITests */ = {
			isa = PBXNativeTarget;
			buildConfigurationList = B5E7DA4C2A43A42B004E57B1 /* Build configuration list for PBXNativeTarget "ML-Derkach-SydorovaUITests" */;
			buildPhases = (
				8FA6C369C51BEC2D00E9F092 /* [CP] Check Pods Manifest.lock */,
				B5E7DA382A43A42B004E57B1 /* Sources */,
				B5E7DA392A43A42B004E57B1 /* Frameworks */,
				B5E7DA3A2A43A42B004E57B1 /* Resources */,
				FD3E0FD1459B1B86AC6FEF4F /* [CP] Embed Pods Frameworks */,
				1FA600ED51F006C558044D9E /* [CP] Copy Pods Resources */,
			);
			buildRules = (
			);
			dependencies = (
				B5E7DA3E2A43A42B004E57B1 /* PBXTargetDependency */,
			);
			name = "ML-Derkach-SydorovaUITests";
			productName = "ML-Derkach-SydorovaUITests";
			productReference = B5E7DA3C2A43A42B004E57B1 /* ML-Derkach-SydorovaUITests.xctest */;
			productType = "com.apple.product-type.bundle.ui-testing";
		};
/* End PBXNativeTarget section */

/* Begin PBXProject section */
		B5E7DA142A43A42A004E57B1 /* Project object */ = {
			isa = PBXProject;
			attributes = {
				BuildIndependentTargetsInParallel = 1;
				LastSwiftUpdateCheck = 1430;
				LastUpgradeCheck = 1430;
				TargetAttributes = {
					B5E7DA1B2A43A42A004E57B1 = {
						CreatedOnToolsVersion = 14.3.1;
					};
					B5E7DA312A43A42B004E57B1 = {
						CreatedOnToolsVersion = 14.3.1;
						TestTargetID = B5E7DA1B2A43A42A004E57B1;
					};
					B5E7DA3B2A43A42B004E57B1 = {
						CreatedOnToolsVersion = 14.3.1;
						TestTargetID = B5E7DA1B2A43A42A004E57B1;
					};
				};
			};
			buildConfigurationList = B5E7DA172A43A42A004E57B1 /* Build configuration list for PBXProject "ML-Derkach-Sydorova" */;
			compatibilityVersion = "Xcode 14.0";
			developmentRegion = en;
			hasScannedForEncodings = 0;
			knownRegions = (
				en,
				Base,
			);
			mainGroup = B5E7DA132A43A42A004E57B1;
			productRefGroup = B5E7DA1D2A43A42A004E57B1 /* Products */;
			projectDirPath = "";
			projectRoot = "";
			targets = (
				B5E7DA1B2A43A42A004E57B1 /* ML-Derkach-Sydorova */,
				B5E7DA312A43A42B004E57B1 /* ML-Derkach-SydorovaTests */,
				B5E7DA3B2A43A42B004E57B1 /* ML-Derkach-SydorovaUITests */,
			);
		};
/* End PBXProject section */

/* Begin PBXResourcesBuildPhase section */
		B5E7DA1A2A43A42A004E57B1 /* Resources */ = {
			isa = PBXResourcesBuildPhase;
			buildActionMask = 2147483647;
			files = (
				B5E7DA2C2A43A42B004E57B1 /* LaunchScreen.storyboard in Resources */,
				C9767B2C2A4A13D0009BA92D /* model.tflite in Resources */,
				C9602F5D2A4648FE008F84FE /* GoogleService-Info.plist in Resources */,
				B5E7DA292A43A42B004E57B1 /* Assets.xcassets in Resources */,
				B5E7DA272A43A42A004E57B1 /* Main.storyboard in Resources */,
			);
			runOnlyForDeploymentPostprocessing = 0;
		};
		B5E7DA302A43A42B004E57B1 /* Resources */ = {
			isa = PBXResourcesBuildPhase;
			buildActionMask = 2147483647;
			files = (
			);
			runOnlyForDeploymentPostprocessing = 0;
		};
		B5E7DA3A2A43A42B004E57B1 /* Resources */ = {
			isa = PBXResourcesBuildPhase;
			buildActionMask = 2147483647;
			files = (
			);
			runOnlyForDeploymentPostprocessing = 0;
		};
/* End PBXResourcesBuildPhase section */

/* Begin PBXShellScriptBuildPhase section */
		1E0838ECAF7C2C31FFBA640A /* [CP] Check Pods Manifest.lock */ = {
			isa = PBXShellScriptBuildPhase;
			buildActionMask = 2147483647;
			files = (
			);
			inputFileListPaths = (
			);
			inputPaths = (
				"${PODS_PODFILE_DIR_PATH}/Podfile.lock",
				"${PODS_ROOT}/Manifest.lock",
			);
			name = "[CP] Check Pods Manifest.lock";
			outputFileListPaths = (
			);
			outputPaths = (
				"$(DERIVED_FILE_DIR)/Pods-ML-Derkach-Sydorova-checkManifestLockResult.txt",
			);
			runOnlyForDeploymentPostprocessing = 0;
			shellPath = /bin/sh;
			shellScript = "diff \"${PODS_PODFILE_DIR_PATH}/Podfile.lock\" \"${PODS_ROOT}/Manifest.lock\" > /dev/null\nif [ $? != 0 ] ; then\n    # print error to STDERR\n    echo \"error: The sandbox is not in sync with the Podfile.lock. Run 'pod install' or update your CocoaPods installation.\" >&2\n    exit 1\nfi\n# This output is used by Xcode 'outputs' to avoid re-running this script phase.\necho \"SUCCESS\" > \"${SCRIPT_OUTPUT_FILE_0}\"\n";
			showEnvVarsInLog = 0;
		};
		1FA600ED51F006C558044D9E /* [CP] Copy Pods Resources */ = {
			isa = PBXShellScriptBuildPhase;
			buildActionMask = 2147483647;
			files = (
			);
			inputFileListPaths = (
				"${PODS_ROOT}/Target Support Files/Pods-ML-Derkach-Sydorova-ML-Derkach-SydorovaUITests/Pods-ML-Derkach-Sydorova-ML-Derkach-SydorovaUITests-resources-${CONFIGURATION}-input-files.xcfilelist",
			);
			name = "[CP] Copy Pods Resources";
			outputFileListPaths = (
				"${PODS_ROOT}/Target Support Files/Pods-ML-Derkach-Sydorova-ML-Derkach-SydorovaUITests/Pods-ML-Derkach-Sydorova-ML-Derkach-SydorovaUITests-resources-${CONFIGURATION}-output-files.xcfilelist",
			);
			runOnlyForDeploymentPostprocessing = 0;
			shellPath = /bin/sh;
			shellScript = "\"${PODS_ROOT}/Target Support Files/Pods-ML-Derkach-Sydorova-ML-Derkach-SydorovaUITests/Pods-ML-Derkach-Sydorova-ML-Derkach-SydorovaUITests-resources.sh\"\n";
			showEnvVarsInLog = 0;
		};
		3833C35B6192122D498CD175 /* [CP] Embed Pods Frameworks */ = {
			isa = PBXShellScriptBuildPhase;
			buildActionMask = 2147483647;
			files = (
			);
			inputFileListPaths = (
				"${PODS_ROOT}/Target Support Files/Pods-ML-Derkach-Sydorova/Pods-ML-Derkach-Sydorova-frameworks-${CONFIGURATION}-input-files.xcfilelist",
			);
			name = "[CP] Embed Pods Frameworks";
			outputFileListPaths = (
				"${PODS_ROOT}/Target Support Files/Pods-ML-Derkach-Sydorova/Pods-ML-Derkach-Sydorova-frameworks-${CONFIGURATION}-output-files.xcfilelist",
			);
			runOnlyForDeploymentPostprocessing = 0;
			shellPath = /bin/sh;
			shellScript = "\"${PODS_ROOT}/Target Support Files/Pods-ML-Derkach-Sydorova/Pods-ML-Derkach-Sydorova-frameworks.sh\"\n";
			showEnvVarsInLog = 0;
		};
		46BB5B5F7F51B4564D6574FF /* [CP] Copy Pods Resources */ = {
			isa = PBXShellScriptBuildPhase;
			buildActionMask = 2147483647;
			files = (
			);
			inputFileListPaths = (
				"${PODS_ROOT}/Target Support Files/Pods-ML-Derkach-Sydorova/Pods-ML-Derkach-Sydorova-resources-${CONFIGURATION}-input-files.xcfilelist",
			);
			name = "[CP] Copy Pods Resources";
			outputFileListPaths = (
				"${PODS_ROOT}/Target Support Files/Pods-ML-Derkach-Sydorova/Pods-ML-Derkach-Sydorova-resources-${CONFIGURATION}-output-files.xcfilelist",
			);
			runOnlyForDeploymentPostprocessing = 0;
			shellPath = /bin/sh;
			shellScript = "\"${PODS_ROOT}/Target Support Files/Pods-ML-Derkach-Sydorova/Pods-ML-Derkach-Sydorova-resources.sh\"\n";
			showEnvVarsInLog = 0;
		};
		730598F0A47AD7485DF097B2 /* [CP] Check Pods Manifest.lock */ = {
			isa = PBXShellScriptBuildPhase;
			buildActionMask = 2147483647;
			files = (
			);
			inputFileListPaths = (
			);
			inputPaths = (
				"${PODS_PODFILE_DIR_PATH}/Podfile.lock",
				"${PODS_ROOT}/Manifest.lock",
			);
			name = "[CP] Check Pods Manifest.lock";
			outputFileListPaths = (
			);
			outputPaths = (
				"$(DERIVED_FILE_DIR)/Pods-ML-Derkach-SydorovaTests-checkManifestLockResult.txt",
			);
			runOnlyForDeploymentPostprocessing = 0;
			shellPath = /bin/sh;
			shellScript = "diff \"${PODS_PODFILE_DIR_PATH}/Podfile.lock\" \"${PODS_ROOT}/Manifest.lock\" > /dev/null\nif [ $? != 0 ] ; then\n    # print error to STDERR\n    echo \"error: The sandbox is not in sync with the Podfile.lock. Run 'pod install' or update your CocoaPods installation.\" >&2\n    exit 1\nfi\n# This output is used by Xcode 'outputs' to avoid re-running this script phase.\necho \"SUCCESS\" > \"${SCRIPT_OUTPUT_FILE_0}\"\n";
			showEnvVarsInLog = 0;
		};
		8FA6C369C51BEC2D00E9F092 /* [CP] Check Pods Manifest.lock */ = {
			isa = PBXShellScriptBuildPhase;
			buildActionMask = 2147483647;
			files = (
			);
			inputFileListPaths = (
			);
			inputPaths = (
				"${PODS_PODFILE_DIR_PATH}/Podfile.lock",
				"${PODS_ROOT}/Manifest.lock",
			);
			name = "[CP] Check Pods Manifest.lock";
			outputFileListPaths = (
			);
			outputPaths = (
				"$(DERIVED_FILE_DIR)/Pods-ML-Derkach-Sydorova-ML-Derkach-SydorovaUITests-checkManifestLockResult.txt",
			);
			runOnlyForDeploymentPostprocessing = 0;
			shellPath = /bin/sh;
			shellScript = "diff \"${PODS_PODFILE_DIR_PATH}/Podfile.lock\" \"${PODS_ROOT}/Manifest.lock\" > /dev/null\nif [ $? != 0 ] ; then\n    # print error to STDERR\n    echo \"error: The sandbox is not in sync with the Podfile.lock. Run 'pod install' or update your CocoaPods installation.\" >&2\n    exit 1\nfi\n# This output is used by Xcode 'outputs' to avoid re-running this script phase.\necho \"SUCCESS\" > \"${SCRIPT_OUTPUT_FILE_0}\"\n";
			showEnvVarsInLog = 0;
		};
		FD3E0FD1459B1B86AC6FEF4F /* [CP] Embed Pods Frameworks */ = {
			isa = PBXShellScriptBuildPhase;
			buildActionMask = 2147483647;
			files = (
			);
			inputFileListPaths = (
				"${PODS_ROOT}/Target Support Files/Pods-ML-Derkach-Sydorova-ML-Derkach-SydorovaUITests/Pods-ML-Derkach-Sydorova-ML-Derkach-SydorovaUITests-frameworks-${CONFIGURATION}-input-files.xcfilelist",
			);
			name = "[CP] Embed Pods Frameworks";
			outputFileListPaths = (
				"${PODS_ROOT}/Target Support Files/Pods-ML-Derkach-Sydorova-ML-Derkach-SydorovaUITests/Pods-ML-Derkach-Sydorova-ML-Derkach-SydorovaUITests-frameworks-${CONFIGURATION}-output-files.xcfilelist",
			);
			runOnlyForDeploymentPostprocessing = 0;
			shellPath = /bin/sh;
			shellScript = "\"${PODS_ROOT}/Target Support Files/Pods-ML-Derkach-Sydorova-ML-Derkach-SydorovaUITests/Pods-ML-Derkach-Sydorova-ML-Derkach-SydorovaUITests-frameworks.sh\"\n";
			showEnvVarsInLog = 0;
		};
/* End PBXShellScriptBuildPhase section */

/* Begin PBXSourcesBuildPhase section */
		B5E7DA182A43A42A004E57B1 /* Sources */ = {
			isa = PBXSourcesBuildPhase;
			buildActionMask = 2147483647;
			files = (
				B5E7DA242A43A42A004E57B1 /* ViewController.swift in Sources */,
				C95849CF2A4AD655000CFB03 /* MessageHelper.swift in Sources */,
				B5E7DA202A43A42A004E57B1 /* AppDelegate.swift in Sources */,
				C95849CB2A4A2B56000CFB03 /* ViewControllerSub.swift in Sources */,
				B5E7DA222A43A42A004E57B1 /* SceneDelegate.swift in Sources */,
				C906F9522A48895D00B6C42B /* MLKitHelper.swift in Sources */,
			);
			runOnlyForDeploymentPostprocessing = 0;
		};
		B5E7DA2E2A43A42B004E57B1 /* Sources */ = {
			isa = PBXSourcesBuildPhase;
			buildActionMask = 2147483647;
			files = (
				B5E7DA372A43A42B004E57B1 /* ML_Derkach_SydorovaTests.swift in Sources */,
			);
			runOnlyForDeploymentPostprocessing = 0;
		};
		B5E7DA382A43A42B004E57B1 /* Sources */ = {
			isa = PBXSourcesBuildPhase;
			buildActionMask = 2147483647;
			files = (
				B5E7DA412A43A42B004E57B1 /* ML_Derkach_SydorovaUITests.swift in Sources */,
				B5E7DA432A43A42B004E57B1 /* ML_Derkach_SydorovaUITestsLaunchTests.swift in Sources */,
			);
			runOnlyForDeploymentPostprocessing = 0;
		};
/* End PBXSourcesBuildPhase section */

/* Begin PBXTargetDependency section */
		B5E7DA342A43A42B004E57B1 /* PBXTargetDependency */ = {
			isa = PBXTargetDependency;
			target = B5E7DA1B2A43A42A004E57B1 /* ML-Derkach-Sydorova */;
			targetProxy = B5E7DA332A43A42B004E57B1 /* PBXContainerItemProxy */;
		};
		B5E7DA3E2A43A42B004E57B1 /* PBXTargetDependency */ = {
			isa = PBXTargetDependency;
			target = B5E7DA1B2A43A42A004E57B1 /* ML-Derkach-Sydorova */;
			targetProxy = B5E7DA3D2A43A42B004E57B1 /* PBXContainerItemProxy */;
		};
/* End PBXTargetDependency section */

/* Begin PBXVariantGroup section */
		B5E7DA252A43A42A004E57B1 /* Main.storyboard */ = {
			isa = PBXVariantGroup;
			children = (
				B5E7DA262A43A42A004E57B1 /* Base */,
			);
			name = Main.storyboard;
			sourceTree = "<group>";
		};
		B5E7DA2A2A43A42B004E57B1 /* LaunchScreen.storyboard */ = {
			isa = PBXVariantGroup;
			children = (
				B5E7DA2B2A43A42B004E57B1 /* Base */,
			);
			name = LaunchScreen.storyboard;
			sourceTree = "<group>";
		};
/* End PBXVariantGroup section */

/* Begin XCBuildConfiguration section */
		B5E7DA442A43A42B004E57B1 /* Debug */ = {
			isa = XCBuildConfiguration;
			buildSettings = {
				ALWAYS_SEARCH_USER_PATHS = NO;
				CLANG_ANALYZER_NONNULL = YES;
				CLANG_ANALYZER_NUMBER_OBJECT_CONVERSION = YES_AGGRESSIVE;
				CLANG_CXX_LANGUAGE_STANDARD = "gnu++20";
				CLANG_ENABLE_MODULES = YES;
				CLANG_ENABLE_OBJC_ARC = YES;
				CLANG_ENABLE_OBJC_WEAK = YES;
				CLANG_WARN_BLOCK_CAPTURE_AUTORELEASING = YES;
				CLANG_WARN_BOOL_CONVERSION = YES;
				CLANG_WARN_COMMA = YES;
				CLANG_WARN_CONSTANT_CONVERSION = YES;
				CLANG_WARN_DEPRECATED_OBJC_IMPLEMENTATIONS = YES;
				CLANG_WARN_DIRECT_OBJC_ISA_USAGE = YES_ERROR;
				CLANG_WARN_DOCUMENTATION_COMMENTS = YES;
				CLANG_WARN_EMPTY_BODY = YES;
				CLANG_WARN_ENUM_CONVERSION = YES;
				CLANG_WARN_INFINITE_RECURSION = YES;
				CLANG_WARN_INT_CONVERSION = YES;
				CLANG_WARN_NON_LITERAL_NULL_CONVERSION = YES;
				CLANG_WARN_OBJC_IMPLICIT_RETAIN_SELF = YES;
				CLANG_WARN_OBJC_LITERAL_CONVERSION = YES;
				CLANG_WARN_OBJC_ROOT_CLASS = YES_ERROR;
				CLANG_WARN_QUOTED_INCLUDE_IN_FRAMEWORK_HEADER = YES;
				CLANG_WARN_RANGE_LOOP_ANALYSIS = YES;
				CLANG_WARN_STRICT_PROTOTYPES = YES;
				CLANG_WARN_SUSPICIOUS_MOVE = YES;
				CLANG_WARN_UNGUARDED_AVAILABILITY = YES_AGGRESSIVE;
				CLANG_WARN_UNREACHABLE_CODE = YES;
				CLANG_WARN__DUPLICATE_METHOD_MATCH = YES;
				COPY_PHASE_STRIP = NO;
				DEBUG_INFORMATION_FORMAT = dwarf;
				ENABLE_STRICT_OBJC_MSGSEND = YES;
				ENABLE_TESTABILITY = YES;
				GCC_C_LANGUAGE_STANDARD = gnu11;
				GCC_DYNAMIC_NO_PIC = NO;
				GCC_NO_COMMON_BLOCKS = YES;
				GCC_OPTIMIZATION_LEVEL = 0;
				GCC_PREPROCESSOR_DEFINITIONS = (
					"DEBUG=1",
					"$(inherited)",
				);
				GCC_WARN_64_TO_32_BIT_CONVERSION = YES;
				GCC_WARN_ABOUT_RETURN_TYPE = YES_ERROR;
				GCC_WARN_UNDECLARED_SELECTOR = YES;
				GCC_WARN_UNINITIALIZED_AUTOS = YES_AGGRESSIVE;
				GCC_WARN_UNUSED_FUNCTION = YES;
				GCC_WARN_UNUSED_VARIABLE = YES;
				IPHONEOS_DEPLOYMENT_TARGET = 16.4;
				MTL_ENABLE_DEBUG_INFO = INCLUDE_SOURCE;
				MTL_FAST_MATH = YES;
				ONLY_ACTIVE_ARCH = YES;
				SDKROOT = iphoneos;
				SWIFT_ACTIVE_COMPILATION_CONDITIONS = DEBUG;
				SWIFT_OPTIMIZATION_LEVEL = "-Onone";
			};
			name = Debug;
		};
		B5E7DA452A43A42B004E57B1 /* Release */ = {
			isa = XCBuildConfiguration;
			buildSettings = {
				ALWAYS_SEARCH_USER_PATHS = NO;
				CLANG_ANALYZER_NONNULL = YES;
				CLANG_ANALYZER_NUMBER_OBJECT_CONVERSION = YES_AGGRESSIVE;
				CLANG_CXX_LANGUAGE_STANDARD = "gnu++20";
				CLANG_ENABLE_MODULES = YES;
				CLANG_ENABLE_OBJC_ARC = YES;
				CLANG_ENABLE_OBJC_WEAK = YES;
				CLANG_WARN_BLOCK_CAPTURE_AUTORELEASING = YES;
				CLANG_WARN_BOOL_CONVERSION = YES;
				CLANG_WARN_COMMA = YES;
				CLANG_WARN_CONSTANT_CONVERSION = YES;
				CLANG_WARN_DEPRECATED_OBJC_IMPLEMENTATIONS = YES;
				CLANG_WARN_DIRECT_OBJC_ISA_USAGE = YES_ERROR;
				CLANG_WARN_DOCUMENTATION_COMMENTS = YES;
				CLANG_WARN_EMPTY_BODY = YES;
				CLANG_WARN_ENUM_CONVERSION = YES;
				CLANG_WARN_INFINITE_RECURSION = YES;
				CLANG_WARN_INT_CONVERSION = YES;
				CLANG_WARN_NON_LITERAL_NULL_CONVERSION = YES;
				CLANG_WARN_OBJC_IMPLICIT_RETAIN_SELF = YES;
				CLANG_WARN_OBJC_LITERAL_CONVERSION = YES;
				CLANG_WARN_OBJC_ROOT_CLASS = YES_ERROR;
				CLANG_WARN_QUOTED_INCLUDE_IN_FRAMEWORK_HEADER = YES;
				CLANG_WARN_RANGE_LOOP_ANALYSIS = YES;
				CLANG_WARN_STRICT_PROTOTYPES = YES;
				CLANG_WARN_SUSPICIOUS_MOVE = YES;
				CLANG_WARN_UNGUARDED_AVAILABILITY = YES_AGGRESSIVE;
				CLANG_WARN_UNREACHABLE_CODE = YES;
				CLANG_WARN__DUPLICATE_METHOD_MATCH = YES;
				COPY_PHASE_STRIP = NO;
				DEBUG_INFORMATION_FORMAT = "dwarf-with-dsym";
				ENABLE_NS_ASSERTIONS = NO;
				ENABLE_STRICT_OBJC_MSGSEND = YES;
				GCC_C_LANGUAGE_STANDARD = gnu11;
				GCC_NO_COMMON_BLOCKS = YES;
				GCC_WARN_64_TO_32_BIT_CONVERSION = YES;
				GCC_WARN_ABOUT_RETURN_TYPE = YES_ERROR;
				GCC_WARN_UNDECLARED_SELECTOR = YES;
				GCC_WARN_UNINITIALIZED_AUTOS = YES_AGGRESSIVE;
				GCC_WARN_UNUSED_FUNCTION = YES;
				GCC_WARN_UNUSED_VARIABLE = YES;
				IPHONEOS_DEPLOYMENT_TARGET = 16.4;
				MTL_ENABLE_DEBUG_INFO = NO;
				MTL_FAST_MATH = YES;
				SDKROOT = iphoneos;
				SWIFT_COMPILATION_MODE = wholemodule;
				SWIFT_OPTIMIZATION_LEVEL = "-O";
				VALIDATE_PRODUCT = YES;
			};
			name = Release;
		};
		B5E7DA472A43A42B004E57B1 /* Debug */ = {
			isa = XCBuildConfiguration;
			baseConfigurationReference = 44B57816032E5E1BB2EA1E65 /* Pods-ML-Derkach-Sydorova.debug.xcconfig */;
			buildSettings = {
				ARCHS = "$(ARCHS_STANDARD)";
				ASSETCATALOG_COMPILER_APPICON_NAME = AppIcon;
				ASSETCATALOG_COMPILER_GLOBAL_ACCENT_COLOR_NAME = AccentColor;
				CODE_SIGN_STYLE = Automatic;
				CURRENT_PROJECT_VERSION = 1;
				DEVELOPMENT_TEAM = VNU8KKW4GG;
				EXCLUDED_ARCHS = "";
				GENERATE_INFOPLIST_FILE = YES;
				INFOPLIST_FILE = "ML-Derkach-Sydorova/Info.plist";
				INFOPLIST_KEY_UIApplicationSupportsIndirectInputEvents = YES;
				INFOPLIST_KEY_UILaunchStoryboardName = LaunchScreen;
				INFOPLIST_KEY_UIMainStoryboardFile = Main;
				INFOPLIST_KEY_UISupportedInterfaceOrientations_iPad = "UIInterfaceOrientationPortrait UIInterfaceOrientationPortraitUpsideDown UIInterfaceOrientationLandscapeLeft UIInterfaceOrientationLandscapeRight";
				INFOPLIST_KEY_UISupportedInterfaceOrientations_iPhone = "UIInterfaceOrientationPortrait UIInterfaceOrientationLandscapeLeft UIInterfaceOrientationLandscapeRight";
				IPHONEOS_DEPLOYMENT_TARGET = 16.0;
				LD_RUNPATH_SEARCH_PATHS = (
					"$(inherited)",
					"@executable_path/Frameworks",
				);
				MARKETING_VERSION = 1.0;
				PRODUCT_BUNDLE_IDENTIFIER = "ua.edu.ukma.derkach-sydorova.ML-Derkach-Sydorova";
				PRODUCT_NAME = "$(TARGET_NAME)";
				SWIFT_EMIT_LOC_STRINGS = YES;
				SWIFT_VERSION = 5.0;
				TARGETED_DEVICE_FAMILY = "1,2";
			};
			name = Debug;
		};
		B5E7DA482A43A42B004E57B1 /* Release */ = {
			isa = XCBuildConfiguration;
			baseConfigurationReference = 2502ED5D6F0633EC1AF51433 /* Pods-ML-Derkach-Sydorova.release.xcconfig */;
			buildSettings = {
				ARCHS = "$(ARCHS_STANDARD)";
				ASSETCATALOG_COMPILER_APPICON_NAME = AppIcon;
				ASSETCATALOG_COMPILER_GLOBAL_ACCENT_COLOR_NAME = AccentColor;
				CODE_SIGN_STYLE = Automatic;
				CURRENT_PROJECT_VERSION = 1;
				DEVELOPMENT_TEAM = VNU8KKW4GG;
				EXCLUDED_ARCHS = "";
				GENERATE_INFOPLIST_FILE = YES;
				INFOPLIST_FILE = "ML-Derkach-Sydorova/Info.plist";
				INFOPLIST_KEY_UIApplicationSupportsIndirectInputEvents = YES;
				INFOPLIST_KEY_UILaunchStoryboardName = LaunchScreen;
				INFOPLIST_KEY_UIMainStoryboardFile = Main;
				INFOPLIST_KEY_UISupportedInterfaceOrientations_iPad = "UIInterfaceOrientationPortrait UIInterfaceOrientationPortraitUpsideDown UIInterfaceOrientationLandscapeLeft UIInterfaceOrientationLandscapeRight";
				INFOPLIST_KEY_UISupportedInterfaceOrientations_iPhone = "UIInterfaceOrientationPortrait UIInterfaceOrientationLandscapeLeft UIInterfaceOrientationLandscapeRight";
				IPHONEOS_DEPLOYMENT_TARGET = 16.0;
				LD_RUNPATH_SEARCH_PATHS = (
					"$(inherited)",
					"@executable_path/Frameworks",
				);
				MARKETING_VERSION = 1.0;
				ONLY_ACTIVE_ARCH = NO;
				PRODUCT_BUNDLE_IDENTIFIER = "ua.edu.ukma.derkach-sydorova.ML-Derkach-Sydorova";
				PRODUCT_NAME = "$(TARGET_NAME)";
				SWIFT_EMIT_LOC_STRINGS = YES;
				SWIFT_VERSION = 5.0;
				TARGETED_DEVICE_FAMILY = "1,2";
			};
			name = Release;
		};
		B5E7DA4A2A43A42B004E57B1 /* Debug */ = {
			isa = XCBuildConfiguration;
			baseConfigurationReference = 2517233DA295ACC7B2E2DC36 /* Pods-ML-Derkach-SydorovaTests.debug.xcconfig */;
			buildSettings = {
				ALWAYS_EMBED_SWIFT_STANDARD_LIBRARIES = YES;
				BUNDLE_LOADER = "$(TEST_HOST)";
				CODE_SIGN_STYLE = Automatic;
				CURRENT_PROJECT_VERSION = 1;
				DEVELOPMENT_TEAM = VNU8KKW4GG;
				GENERATE_INFOPLIST_FILE = YES;
				IPHONEOS_DEPLOYMENT_TARGET = 16.4;
				MARKETING_VERSION = 1.0;
				PRODUCT_BUNDLE_IDENTIFIER = "ua.edu.ukma.derkach-sydorova.ML-Derkach-SydorovaTests";
				PRODUCT_NAME = "$(TARGET_NAME)";
				SWIFT_EMIT_LOC_STRINGS = NO;
				SWIFT_VERSION = 5.0;
				TARGETED_DEVICE_FAMILY = "1,2";
				TEST_HOST = "$(BUILT_PRODUCTS_DIR)/ML-Derkach-Sydorova.app/$(BUNDLE_EXECUTABLE_FOLDER_PATH)/ML-Derkach-Sydorova";
			};
			name = Debug;
		};
		B5E7DA4B2A43A42B004E57B1 /* Release */ = {
			isa = XCBuildConfiguration;
			baseConfigurationReference = 96B964B3384AD64C3C37FCF6 /* Pods-ML-Derkach-SydorovaTests.release.xcconfig */;
			buildSettings = {
				ALWAYS_EMBED_SWIFT_STANDARD_LIBRARIES = YES;
				BUNDLE_LOADER = "$(TEST_HOST)";
				CODE_SIGN_STYLE = Automatic;
				CURRENT_PROJECT_VERSION = 1;
				DEVELOPMENT_TEAM = VNU8KKW4GG;
				GENERATE_INFOPLIST_FILE = YES;
				IPHONEOS_DEPLOYMENT_TARGET = 16.4;
				MARKETING_VERSION = 1.0;
				PRODUCT_BUNDLE_IDENTIFIER = "ua.edu.ukma.derkach-sydorova.ML-Derkach-SydorovaTests";
				PRODUCT_NAME = "$(TARGET_NAME)";
				SWIFT_EMIT_LOC_STRINGS = NO;
				SWIFT_VERSION = 5.0;
				TARGETED_DEVICE_FAMILY = "1,2";
				TEST_HOST = "$(BUILT_PRODUCTS_DIR)/ML-Derkach-Sydorova.app/$(BUNDLE_EXECUTABLE_FOLDER_PATH)/ML-Derkach-Sydorova";
			};
			name = Release;
		};
		B5E7DA4D2A43A42B004E57B1 /* Debug */ = {
			isa = XCBuildConfiguration;
			baseConfigurationReference = D235B5C4F8EBE87C9DBCC118 /* Pods-ML-Derkach-Sydorova-ML-Derkach-SydorovaUITests.debug.xcconfig */;
			buildSettings = {
				ALWAYS_EMBED_SWIFT_STANDARD_LIBRARIES = YES;
				CODE_SIGN_STYLE = Automatic;
				CURRENT_PROJECT_VERSION = 1;
				DEVELOPMENT_TEAM = VNU8KKW4GG;
				GENERATE_INFOPLIST_FILE = YES;
				MARKETING_VERSION = 1.0;
				PRODUCT_BUNDLE_IDENTIFIER = "ua.edu.ukma.derkach-sydorova.ML-Derkach-SydorovaUITests";
				PRODUCT_NAME = "$(TARGET_NAME)";
				SWIFT_EMIT_LOC_STRINGS = NO;
				SWIFT_VERSION = 5.0;
				TARGETED_DEVICE_FAMILY = "1,2";
				TEST_TARGET_NAME = "ML-Derkach-Sydorova";
			};
			name = Debug;
		};
		B5E7DA4E2A43A42B004E57B1 /* Release */ = {
			isa = XCBuildConfiguration;
			baseConfigurationReference = 12574C3E4B47A1525789C274 /* Pods-ML-Derkach-Sydorova-ML-Derkach-SydorovaUITests.release.xcconfig */;
			buildSettings = {
				ALWAYS_EMBED_SWIFT_STANDARD_LIBRARIES = YES;
				CODE_SIGN_STYLE = Automatic;
				CURRENT_PROJECT_VERSION = 1;
				DEVELOPMENT_TEAM = VNU8KKW4GG;
				GENERATE_INFOPLIST_FILE = YES;
				MARKETING_VERSION = 1.0;
				PRODUCT_BUNDLE_IDENTIFIER = "ua.edu.ukma.derkach-sydorova.ML-Derkach-SydorovaUITests";
				PRODUCT_NAME = "$(TARGET_NAME)";
				SWIFT_EMIT_LOC_STRINGS = NO;
				SWIFT_VERSION = 5.0;
				TARGETED_DEVICE_FAMILY = "1,2";
				TEST_TARGET_NAME = "ML-Derkach-Sydorova";
			};
			name = Release;
		};
/* End XCBuildConfiguration section */

/* Begin XCConfigurationList section */
		B5E7DA172A43A42A004E57B1 /* Build configuration list for PBXProject "ML-Derkach-Sydorova" */ = {
			isa = XCConfigurationList;
			buildConfigurations = (
				B5E7DA442A43A42B004E57B1 /* Debug */,
				B5E7DA452A43A42B004E57B1 /* Release */,
			);
			defaultConfigurationIsVisible = 0;
			defaultConfigurationName = Release;
		};
		B5E7DA462A43A42B004E57B1 /* Build configuration list for PBXNativeTarget "ML-Derkach-Sydorova" */ = {
			isa = XCConfigurationList;
			buildConfigurations = (
				B5E7DA472A43A42B004E57B1 /* Debug */,
				B5E7DA482A43A42B004E57B1 /* Release */,
			);
			defaultConfigurationIsVisible = 0;
			defaultConfigurationName = Release;
		};
		B5E7DA492A43A42B004E57B1 /* Build configuration list for PBXNativeTarget "ML-Derkach-SydorovaTests" */ = {
			isa = XCConfigurationList;
			buildConfigurations = (
				B5E7DA4A2A43A42B004E57B1 /* Debug */,
				B5E7DA4B2A43A42B004E57B1 /* Release */,
			);
			defaultConfigurationIsVisible = 0;
			defaultConfigurationName = Release;
		};
		B5E7DA4C2A43A42B004E57B1 /* Build configuration list for PBXNativeTarget "ML-Derkach-SydorovaUITests" */ = {
			isa = XCConfigurationList;
			buildConfigurations = (
				B5E7DA4D2A43A42B004E57B1 /* Debug */,
				B5E7DA4E2A43A42B004E57B1 /* Release */,
			);
			defaultConfigurationIsVisible = 0;
			defaultConfigurationName = Release;
		};
/* End XCConfigurationList section */
	};
	rootObject = B5E7DA142A43A42A004E57B1 /* Project object */;
}
